// !$*UTF8*$!
{
	archiveVersion = 1;
	classes = {
	};
	objectVersion = 50;
	objects = {

/* Begin PBXBuildFile section */
		AB4A9B692089D34A00A6C92E /* AppDelegate.m in Sources */ = {isa = PBXBuildFile; fileRef = AB4A9B682089D34A00A6C92E /* AppDelegate.m */; };
		AB4A9B6C2089D34A00A6C92E /* ViewController.m in Sources */ = {isa = PBXBuildFile; fileRef = AB4A9B6B2089D34A00A6C92E /* ViewController.m */; };
		AB4A9B6F2089D34A00A6C92E /* Main.storyboard in Resources */ = {isa = PBXBuildFile; fileRef = AB4A9B6D2089D34A00A6C92E /* Main.storyboard */; };
		AB4A9B712089D34D00A6C92E /* Assets.xcassets in Resources */ = {isa = PBXBuildFile; fileRef = AB4A9B702089D34D00A6C92E /* Assets.xcassets */; };
		AB4A9B742089D34D00A6C92E /* LaunchScreen.storyboard in Resources */ = {isa = PBXBuildFile; fileRef = AB4A9B722089D34D00A6C92E /* LaunchScreen.storyboard */; };
		AB4A9B772089D34D00A6C92E /* main.m in Sources */ = {isa = PBXBuildFile; fileRef = AB4A9B762089D34D00A6C92E /* main.m */; };
		AB4A9B812089D34E00A6C92E /* UITextView_____________Tests.m in Sources */ = {isa = PBXBuildFile; fileRef = AB4A9B802089D34E00A6C92E /* UITextView_____________Tests.m */; };
		AB4A9B8C2089D34E00A6C92E /* UITextView_____________UITests.m in Sources */ = {isa = PBXBuildFile; fileRef = AB4A9B8B2089D34E00A6C92E /* UITextView_____________UITests.m */; };
		FD7689C0254C083000401E5B /* HPGrowingTextView.m in Sources */ = {isa = PBXBuildFile; fileRef = FD7689BB254C083000401E5B /* HPGrowingTextView.m */; };
		FD7689C1254C083000401E5B /* HPTextViewInternal.m in Sources */ = {isa = PBXBuildFile; fileRef = FD7689BC254C083000401E5B /* HPTextViewInternal.m */; };
/* End PBXBuildFile section */

/* Begin PBXContainerItemProxy section */
		AB4A9B7D2089D34E00A6C92E /* PBXContainerItemProxy */ = {
			isa = PBXContainerItemProxy;
			containerPortal = AB4A9B5C2089D34A00A6C92E /* Project object */;
			proxyType = 1;
			remoteGlobalIDString = AB4A9B632089D34A00A6C92E;
			remoteInfo = "UITextView @功能和#话题#功能实现";
		};
		AB4A9B882089D34E00A6C92E /* PBXContainerItemProxy */ = {
			isa = PBXContainerItemProxy;
			containerPortal = AB4A9B5C2089D34A00A6C92E /* Project object */;
			proxyType = 1;
			remoteGlobalIDString = AB4A9B632089D34A00A6C92E;
			remoteInfo = "UITextView @功能和#话题#功能实现";
		};
/* End PBXContainerItemProxy section */

/* Begin PBXFileReference section */
		AB4A9B642089D34A00A6C92E /* UITextView @功能和#话题#功能实现.app */ = {isa = PBXFileReference; explicitFileType = wrapper.application; includeInIndex = 0; path = "UITextView @功能和#话题#功能实现.app"; sourceTree = BUILT_PRODUCTS_DIR; };
		AB4A9B672089D34A00A6C92E /* AppDelegate.h */ = {isa = PBXFileReference; lastKnownFileType = sourcecode.c.h; path = AppDelegate.h; sourceTree = "<group>"; };
		AB4A9B682089D34A00A6C92E /* AppDelegate.m */ = {isa = PBXFileReference; lastKnownFileType = sourcecode.c.objc; path = AppDelegate.m; sourceTree = "<group>"; };
		AB4A9B6A2089D34A00A6C92E /* ViewController.h */ = {isa = PBXFileReference; lastKnownFileType = sourcecode.c.h; path = ViewController.h; sourceTree = "<group>"; };
		AB4A9B6B2089D34A00A6C92E /* ViewController.m */ = {isa = PBXFileReference; lastKnownFileType = sourcecode.c.objc; path = ViewController.m; sourceTree = "<group>"; };
		AB4A9B6E2089D34A00A6C92E /* Base */ = {isa = PBXFileReference; lastKnownFileType = file.storyboard; name = Base; path = Base.lproj/Main.storyboard; sourceTree = "<group>"; };
		AB4A9B702089D34D00A6C92E /* Assets.xcassets */ = {isa = PBXFileReference; lastKnownFileType = folder.assetcatalog; path = Assets.xcassets; sourceTree = "<group>"; };
		AB4A9B732089D34D00A6C92E /* Base */ = {isa = PBXFileReference; lastKnownFileType = file.storyboard; name = Base; path = Base.lproj/LaunchScreen.storyboard; sourceTree = "<group>"; };
		AB4A9B752089D34D00A6C92E /* Info.plist */ = {isa = PBXFileReference; lastKnownFileType = text.plist.xml; path = Info.plist; sourceTree = "<group>"; };
		AB4A9B762089D34D00A6C92E /* main.m */ = {isa = PBXFileReference; lastKnownFileType = sourcecode.c.objc; path = main.m; sourceTree = "<group>"; };
		AB4A9B7C2089D34E00A6C92E /* UITextView @功能和#话题#功能实现Tests.xctest */ = {isa = PBXFileReference; explicitFileType = wrapper.cfbundle; includeInIndex = 0; path = "UITextView @功能和#话题#功能实现Tests.xctest"; sourceTree = BUILT_PRODUCTS_DIR; };
		AB4A9B802089D34E00A6C92E /* UITextView_____________Tests.m */ = {isa = PBXFileReference; lastKnownFileType = sourcecode.c.objc; path = "UITextView_____________Tests.m"; sourceTree = "<group>"; };
		AB4A9B822089D34E00A6C92E /* Info.plist */ = {isa = PBXFileReference; lastKnownFileType = text.plist.xml; path = Info.plist; sourceTree = "<group>"; };
		AB4A9B872089D34E00A6C92E /* UITextView @功能和#话题#功能实现UITests.xctest */ = {isa = PBXFileReference; explicitFileType = wrapper.cfbundle; includeInIndex = 0; path = "UITextView @功能和#话题#功能实现UITests.xctest"; sourceTree = BUILT_PRODUCTS_DIR; };
		AB4A9B8B2089D34E00A6C92E /* UITextView_____________UITests.m */ = {isa = PBXFileReference; lastKnownFileType = sourcecode.c.objc; path = "UITextView_____________UITests.m"; sourceTree = "<group>"; };
		AB4A9B8D2089D34E00A6C92E /* Info.plist */ = {isa = PBXFileReference; lastKnownFileType = text.plist.xml; path = Info.plist; sourceTree = "<group>"; };
		FD7689BA254C083000401E5B /* HPTextViewInternal.h */ = {isa = PBXFileReference; fileEncoding = 4; lastKnownFileType = sourcecode.c.h; path = HPTextViewInternal.h; sourceTree = "<group>"; };
		FD7689BB254C083000401E5B /* HPGrowingTextView.m */ = {isa = PBXFileReference; fileEncoding = 4; lastKnownFileType = sourcecode.c.objc; path = HPGrowingTextView.m; sourceTree = "<group>"; };
		FD7689BC254C083000401E5B /* HPTextViewInternal.m */ = {isa = PBXFileReference; fileEncoding = 4; lastKnownFileType = sourcecode.c.objc; path = HPTextViewInternal.m; sourceTree = "<group>"; };
		FD7689BD254C083000401E5B /* HPGrowingTextView.h */ = {isa = PBXFileReference; fileEncoding = 4; lastKnownFileType = sourcecode.c.h; path = HPGrowingTextView.h; sourceTree = "<group>"; };
/* End PBXFileReference section */

/* Begin PBXFrameworksBuildPhase section */
		AB4A9B612089D34A00A6C92E /* Frameworks */ = {
			isa = PBXFrameworksBuildPhase;
			buildActionMask = 2147483647;
			files = (
			);
			runOnlyForDeploymentPostprocessing = 0;
		};
		AB4A9B792089D34E00A6C92E /* Frameworks */ = {
			isa = PBXFrameworksBuildPhase;
			buildActionMask = 2147483647;
			files = (
			);
			runOnlyForDeploymentPostprocessing = 0;
		};
		AB4A9B842089D34E00A6C92E /* Frameworks */ = {
			isa = PBXFrameworksBuildPhase;
			buildActionMask = 2147483647;
			files = (
			);
			runOnlyForDeploymentPostprocessing = 0;
		};
/* End PBXFrameworksBuildPhase section */

/* Begin PBXGroup section */
		AB4A9B5B2089D34A00A6C92E = {
			isa = PBXGroup;
			children = (
				AB4A9B662089D34A00A6C92E /* UITextView @功能和#话题#功能实现 */,
				AB4A9B7F2089D34E00A6C92E /* UITextView @功能和#话题#功能实现Tests */,
				AB4A9B8A2089D34E00A6C92E /* UITextView @功能和#话题#功能实现UITests */,
				AB4A9B652089D34A00A6C92E /* Products */,
			);
			sourceTree = "<group>";
		};
		AB4A9B652089D34A00A6C92E /* Products */ = {
			isa = PBXGroup;
			children = (
				AB4A9B642089D34A00A6C92E /* UITextView @功能和#话题#功能实现.app */,
				AB4A9B7C2089D34E00A6C92E /* UITextView @功能和#话题#功能实现Tests.xctest */,
				AB4A9B872089D34E00A6C92E /* UITextView @功能和#话题#功能实现UITests.xctest */,
			);
			name = Products;
			sourceTree = "<group>";
		};
		AB4A9B662089D34A00A6C92E /* UITextView @功能和#话题#功能实现 */ = {
			isa = PBXGroup;
			children = (
				FD7689B7254C083000401E5B /* HPGrowingTextView */,
				AB4A9B672089D34A00A6C92E /* AppDelegate.h */,
				AB4A9B682089D34A00A6C92E /* AppDelegate.m */,
				AB4A9B6A2089D34A00A6C92E /* ViewController.h */,
				AB4A9B6B2089D34A00A6C92E /* ViewController.m */,
				AB4A9B6D2089D34A00A6C92E /* Main.storyboard */,
				AB4A9B702089D34D00A6C92E /* Assets.xcassets */,
				AB4A9B722089D34D00A6C92E /* LaunchScreen.storyboard */,
				AB4A9B752089D34D00A6C92E /* Info.plist */,
				AB4A9B762089D34D00A6C92E /* main.m */,
			);
			path = "UITextView @功能和#话题#功能实现";
			sourceTree = "<group>";
		};
		AB4A9B7F2089D34E00A6C92E /* UITextView @功能和#话题#功能实现Tests */ = {
			isa = PBXGroup;
			children = (
				AB4A9B802089D34E00A6C92E /* UITextView_____________Tests.m */,
				AB4A9B822089D34E00A6C92E /* Info.plist */,
			);
			path = "UITextView @功能和#话题#功能实现Tests";
			sourceTree = "<group>";
		};
		AB4A9B8A2089D34E00A6C92E /* UITextView @功能和#话题#功能实现UITests */ = {
			isa = PBXGroup;
			children = (
				AB4A9B8B2089D34E00A6C92E /* UITextView_____________UITests.m */,
				AB4A9B8D2089D34E00A6C92E /* Info.plist */,
			);
			path = "UITextView @功能和#话题#功能实现UITests";
			sourceTree = "<group>";
		};
		FD7689B7254C083000401E5B /* HPGrowingTextView */ = {
			isa = PBXGroup;
			children = (
				FD7689BD254C083000401E5B /* HPGrowingTextView.h */,
				FD7689BB254C083000401E5B /* HPGrowingTextView.m */,
				FD7689BA254C083000401E5B /* HPTextViewInternal.h */,
				FD7689BC254C083000401E5B /* HPTextViewInternal.m */,
			);
			path = HPGrowingTextView;
			sourceTree = "<group>";
		};
/* End PBXGroup section */

/* Begin PBXNativeTarget section */
		AB4A9B632089D34A00A6C92E /* UITextView @功能和#话题#功能实现 */ = {
			isa = PBXNativeTarget;
			buildConfigurationList = AB4A9B902089D34E00A6C92E /* Build configuration list for PBXNativeTarget "UITextView @功能和#话题#功能实现" */;
			buildPhases = (
				AB4A9B602089D34A00A6C92E /* Sources */,
				AB4A9B612089D34A00A6C92E /* Frameworks */,
				AB4A9B622089D34A00A6C92E /* Resources */,
			);
			buildRules = (
			);
			dependencies = (
			);
			name = "UITextView @功能和#话题#功能实现";
			productName = "UITextView @功能和#话题#功能实现";
			productReference = AB4A9B642089D34A00A6C92E /* UITextView @功能和#话题#功能实现.app */;
			productType = "com.apple.product-type.application";
		};
		AB4A9B7B2089D34E00A6C92E /* UITextView @功能和#话题#功能实现Tests */ = {
			isa = PBXNativeTarget;
			buildConfigurationList = AB4A9B932089D34E00A6C92E /* Build configuration list for PBXNativeTarget "UITextView @功能和#话题#功能实现Tests" */;
			buildPhases = (
				AB4A9B782089D34E00A6C92E /* Sources */,
				AB4A9B792089D34E00A6C92E /* Frameworks */,
				AB4A9B7A2089D34E00A6C92E /* Resources */,
			);
			buildRules = (
			);
			dependencies = (
				AB4A9B7E2089D34E00A6C92E /* PBXTargetDependency */,
			);
			name = "UITextView @功能和#话题#功能实现Tests";
			productName = "UITextView @功能和#话题#功能实现Tests";
			productReference = AB4A9B7C2089D34E00A6C92E /* UITextView @功能和#话题#功能实现Tests.xctest */;
			productType = "com.apple.product-type.bundle.unit-test";
		};
		AB4A9B862089D34E00A6C92E /* UITextView @功能和#话题#功能实现UITests */ = {
			isa = PBXNativeTarget;
			buildConfigurationList = AB4A9B962089D34E00A6C92E /* Build configuration list for PBXNativeTarget "UITextView @功能和#话题#功能实现UITests" */;
			buildPhases = (
				AB4A9B832089D34E00A6C92E /* Sources */,
				AB4A9B842089D34E00A6C92E /* Frameworks */,
				AB4A9B852089D34E00A6C92E /* Resources */,
			);
			buildRules = (
			);
			dependencies = (
				AB4A9B892089D34E00A6C92E /* PBXTargetDependency */,
			);
			name = "UITextView @功能和#话题#功能实现UITests";
			productName = "UITextView @功能和#话题#功能实现UITests";
			productReference = AB4A9B872089D34E00A6C92E /* UITextView @功能和#话题#功能实现UITests.xctest */;
			productType = "com.apple.product-type.bundle.ui-testing";
		};
/* End PBXNativeTarget section */

/* Begin PBXProject section */
		AB4A9B5C2089D34A00A6C92E /* Project object */ = {
			isa = PBXProject;
			attributes = {
				LastUpgradeCheck = 0930;
				ORGANIZATIONNAME = lei;
				TargetAttributes = {
					AB4A9B632089D34A00A6C92E = {
						CreatedOnToolsVersion = 9.3;
					};
					AB4A9B7B2089D34E00A6C92E = {
						CreatedOnToolsVersion = 9.3;
						TestTargetID = AB4A9B632089D34A00A6C92E;
					};
					AB4A9B862089D34E00A6C92E = {
						CreatedOnToolsVersion = 9.3;
						TestTargetID = AB4A9B632089D34A00A6C92E;
					};
				};
			};
			buildConfigurationList = AB4A9B5F2089D34A00A6C92E /* Build configuration list for PBXProject "UITextView @功能和#话题#功能实现" */;
			compatibilityVersion = "Xcode 9.3";
			developmentRegion = en;
			hasScannedForEncodings = 0;
			knownRegions = (
				en,
				Base,
			);
			mainGroup = AB4A9B5B2089D34A00A6C92E;
			productRefGroup = AB4A9B652089D34A00A6C92E /* Products */;
			projectDirPath = "";
			projectRoot = "";
			targets = (
				AB4A9B632089D34A00A6C92E /* UITextView @功能和#话题#功能实现 */,
				AB4A9B7B2089D34E00A6C92E /* UITextView @功能和#话题#功能实现Tests */,
				AB4A9B862089D34E00A6C92E /* UITextView @功能和#话题#功能实现UITests */,
			);
		};
/* End PBXProject section */

/* Begin PBXResourcesBuildPhase section */
		AB4A9B622089D34A00A6C92E /* Resources */ = {
			isa = PBXResourcesBuildPhase;
			buildActionMask = 2147483647;
			files = (
				AB4A9B742089D34D00A6C92E /* LaunchScreen.storyboard in Resources */,
				AB4A9B712089D34D00A6C92E /* Assets.xcassets in Resources */,
				AB4A9B6F2089D34A00A6C92E /* Main.storyboard in Resources */,
			);
			runOnlyForDeploymentPostprocessing = 0;
		};
		AB4A9B7A2089D34E00A6C92E /* Resources */ = {
			isa = PBXResourcesBuildPhase;
			buildActionMask = 2147483647;
			files = (
			);
			runOnlyForDeploymentPostprocessing = 0;
		};
		AB4A9B852089D34E00A6C92E /* Resources */ = {
			isa = PBXResourcesBuildPhase;
			buildActionMask = 2147483647;
			files = (
			);
			runOnlyForDeploymentPostprocessing = 0;
		};
/* End PBXResourcesBuildPhase section */

/* Begin PBXSourcesBuildPhase section */
		AB4A9B602089D34A00A6C92E /* Sources */ = {
			isa = PBXSourcesBuildPhase;
			buildActionMask = 2147483647;
			files = (
				AB4A9B6C2089D34A00A6C92E /* ViewController.m in Sources */,
				FD7689C0254C083000401E5B /* HPGrowingTextView.m in Sources */,
				AB4A9B772089D34D00A6C92E /* main.m in Sources */,
				AB4A9B692089D34A00A6C92E /* AppDelegate.m in Sources */,
				FD7689C1254C083000401E5B /* HPTextViewInternal.m in Sources */,
			);
			runOnlyForDeploymentPostprocessing = 0;
		};
		AB4A9B782089D34E00A6C92E /* Sources */ = {
			isa = PBXSourcesBuildPhase;
			buildActionMask = 2147483647;
			files = (
				AB4A9B812089D34E00A6C92E /* UITextView_____________Tests.m in Sources */,
			);
			runOnlyForDeploymentPostprocessing = 0;
		};
		AB4A9B832089D34E00A6C92E /* Sources */ = {
			isa = PBXSourcesBuildPhase;
			buildActionMask = 2147483647;
			files = (
				AB4A9B8C2089D34E00A6C92E /* UITextView_____________UITests.m in Sources */,
			);
			runOnlyForDeploymentPostprocessing = 0;
		};
/* End PBXSourcesBuildPhase section */

/* Begin PBXTargetDependency section */
		AB4A9B7E2089D34E00A6C92E /* PBXTargetDependency */ = {
			isa = PBXTargetDependency;
			target = AB4A9B632089D34A00A6C92E /* UITextView @功能和#话题#功能实现 */;
			targetProxy = AB4A9B7D2089D34E00A6C92E /* PBXContainerItemProxy */;
		};
		AB4A9B892089D34E00A6C92E /* PBXTargetDependency */ = {
			isa = PBXTargetDependency;
			target = AB4A9B632089D34A00A6C92E /* UITextView @功能和#话题#功能实现 */;
			targetProxy = AB4A9B882089D34E00A6C92E /* PBXContainerItemProxy */;
		};
/* End PBXTargetDependency section */

/* Begin PBXVariantGroup section */
		AB4A9B6D2089D34A00A6C92E /* Main.storyboard */ = {
			isa = PBXVariantGroup;
			children = (
				AB4A9B6E2089D34A00A6C92E /* Base */,
			);
			name = Main.storyboard;
			sourceTree = "<group>";
		};
		AB4A9B722089D34D00A6C92E /* LaunchScreen.storyboard */ = {
			isa = PBXVariantGroup;
			children = (
				AB4A9B732089D34D00A6C92E /* Base */,
			);
			name = LaunchScreen.storyboard;
			sourceTree = "<group>";
		};
/* End PBXVariantGroup section */

/* Begin XCBuildConfiguration section */
		AB4A9B8E2089D34E00A6C92E /* Debug */ = {
			isa = XCBuildConfiguration;
			buildSettings = {
				ALWAYS_SEARCH_USER_PATHS = NO;
				CLANG_ANALYZER_NONNULL = YES;
				CLANG_ANALYZER_NUMBER_OBJECT_CONVERSION = YES_AGGRESSIVE;
				CLANG_CXX_LANGUAGE_STANDARD = "gnu++14";
				CLANG_CXX_LIBRARY = "libc++";
				CLANG_ENABLE_MODULES = YES;
				CLANG_ENABLE_OBJC_ARC = YES;
				CLANG_ENABLE_OBJC_WEAK = YES;
				CLANG_WARN_BLOCK_CAPTURE_AUTORELEASING = YES;
				CLANG_WARN_BOOL_CONVERSION = YES;
				CLANG_WARN_COMMA = YES;
				CLANG_WARN_CONSTANT_CONVERSION = YES;
				CLANG_WARN_DEPRECATED_OBJC_IMPLEMENTATIONS = YES;
				CLANG_WARN_DIRECT_OBJC_ISA_USAGE = YES_ERROR;
				CLANG_WARN_DOCUMENTATION_COMMENTS = YES;
				CLANG_WARN_EMPTY_BODY = YES;
				CLANG_WARN_ENUM_CONVERSION = YES;
				CLANG_WARN_INFINITE_RECURSION = YES;
				CLANG_WARN_INT_CONVERSION = YES;
				CLANG_WARN_NON_LITERAL_NULL_CONVERSION = YES;
				CLANG_WARN_OBJC_IMPLICIT_RETAIN_SELF = YES;
				CLANG_WARN_OBJC_LITERAL_CONVERSION = YES;
				CLANG_WARN_OBJC_ROOT_CLASS = YES_ERROR;
				CLANG_WARN_RANGE_LOOP_ANALYSIS = YES;
				CLANG_WARN_STRICT_PROTOTYPES = YES;
				CLANG_WARN_SUSPICIOUS_MOVE = YES;
				CLANG_WARN_UNGUARDED_AVAILABILITY = YES_AGGRESSIVE;
				CLANG_WARN_UNREACHABLE_CODE = YES;
				CLANG_WARN__DUPLICATE_METHOD_MATCH = YES;
				CODE_SIGN_IDENTITY = "iPhone Developer";
				COPY_PHASE_STRIP = NO;
				DEBUG_INFORMATION_FORMAT = dwarf;
				ENABLE_STRICT_OBJC_MSGSEND = YES;
				ENABLE_TESTABILITY = YES;
				GCC_C_LANGUAGE_STANDARD = gnu11;
				GCC_DYNAMIC_NO_PIC = NO;
				GCC_NO_COMMON_BLOCKS = YES;
				GCC_OPTIMIZATION_LEVEL = 0;
				GCC_PREPROCESSOR_DEFINITIONS = (
					"DEBUG=1",
					"$(inherited)",
				);
				GCC_WARN_64_TO_32_BIT_CONVERSION = YES;
				GCC_WARN_ABOUT_RETURN_TYPE = YES_ERROR;
				GCC_WARN_UNDECLARED_SELECTOR = YES;
				GCC_WARN_UNINITIALIZED_AUTOS = YES_AGGRESSIVE;
				GCC_WARN_UNUSED_FUNCTION = YES;
				GCC_WARN_UNUSED_VARIABLE = YES;
				IPHONEOS_DEPLOYMENT_TARGET = 11.3;
				MTL_ENABLE_DEBUG_INFO = YES;
				ONLY_ACTIVE_ARCH = YES;
				SDKROOT = iphoneos;
			};
			name = Debug;
		};
		AB4A9B8F2089D34E00A6C92E /* Release */ = {
			isa = XCBuildConfiguration;
			buildSettings = {
				ALWAYS_SEARCH_USER_PATHS = NO;
				CLANG_ANALYZER_NONNULL = YES;
				CLANG_ANALYZER_NUMBER_OBJECT_CONVERSION = YES_AGGRESSIVE;
				CLANG_CXX_LANGUAGE_STANDARD = "gnu++14";
				CLANG_CXX_LIBRARY = "libc++";
				CLANG_ENABLE_MODULES = YES;
				CLANG_ENABLE_OBJC_ARC = YES;
				CLANG_ENABLE_OBJC_WEAK = YES;
				CLANG_WARN_BLOCK_CAPTURE_AUTORELEASING = YES;
				CLANG_WARN_BOOL_CONVERSION = YES;
				CLANG_WARN_COMMA = YES;
				CLANG_WARN_CONSTANT_CONVERSION = YES;
				CLANG_WARN_DEPRECATED_OBJC_IMPLEMENTATIONS = YES;
				CLANG_WARN_DIRECT_OBJC_ISA_USAGE = YES_ERROR;
				CLANG_WARN_DOCUMENTATION_COMMENTS = YES;
				CLANG_WARN_EMPTY_BODY = YES;
				CLANG_WARN_ENUM_CONVERSION = YES;
				CLANG_WARN_INFINITE_RECURSION = YES;
				CLANG_WARN_INT_CONVERSION = YES;
				CLANG_WARN_NON_LITERAL_NULL_CONVERSION = YES;
				CLANG_WARN_OBJC_IMPLICIT_RETAIN_SELF = YES;
				CLANG_WARN_OBJC_LITERAL_CONVERSION = YES;
				CLANG_WARN_OBJC_ROOT_CLASS = YES_ERROR;
				CLANG_WARN_RANGE_LOOP_ANALYSIS = YES;
				CLANG_WARN_STRICT_PROTOTYPES = YES;
				CLANG_WARN_SUSPICIOUS_MOVE = YES;
				CLANG_WARN_UNGUARDED_AVAILABILITY = YES_AGGRESSIVE;
				CLANG_WARN_UNREACHABLE_CODE = YES;
				CLANG_WARN__DUPLICATE_METHOD_MATCH = YES;
				CODE_SIGN_IDENTITY = "iPhone Developer";
				COPY_PHASE_STRIP = NO;
				DEBUG_INFORMATION_FORMAT = "dwarf-with-dsym";
				ENABLE_NS_ASSERTIONS = NO;
				ENABLE_STRICT_OBJC_MSGSEND = YES;
				GCC_C_LANGUAGE_STANDARD = gnu11;
				GCC_NO_COMMON_BLOCKS = YES;
				GCC_WARN_64_TO_32_BIT_CONVERSION = YES;
				GCC_WARN_ABOUT_RETURN_TYPE = YES_ERROR;
				GCC_WARN_UNDECLARED_SELECTOR = YES;
				GCC_WARN_UNINITIALIZED_AUTOS = YES_AGGRESSIVE;
				GCC_WARN_UNUSED_FUNCTION = YES;
				GCC_WARN_UNUSED_VARIABLE = YES;
				IPHONEOS_DEPLOYMENT_TARGET = 11.3;
				MTL_ENABLE_DEBUG_INFO = NO;
				SDKROOT = iphoneos;
				VALIDATE_PRODUCT = YES;
			};
			name = Release;
		};
		AB4A9B912089D34E00A6C92E /* Debug */ = {
			isa = XCBuildConfiguration;
			buildSettings = {
				ASSETCATALOG_COMPILER_APPICON_NAME = AppIcon;
				CODE_SIGN_STYLE = Automatic;
				DEVELOPMENT_TEAM = 8S4Y4CY9Z2;
				INFOPLIST_FILE = "UITextView @功能和#话题#功能实现/Info.plist";
				LD_RUNPATH_SEARCH_PATHS = (
					"$(inherited)",
					"@executable_path/Frameworks",
				);
				PRODUCT_BUNDLE_IDENTIFIER = "lei.UITextView-------------";
				PRODUCT_NAME = "$(TARGET_NAME)";
				TARGETED_DEVICE_FAMILY = 1;
			};
			name = Debug;
		};
		AB4A9B922089D34E00A6C92E /* Release */ = {
			isa = XCBuildConfiguration;
			buildSettings = {
				ASSETCATALOG_COMPILER_APPICON_NAME = AppIcon;
				CODE_SIGN_STYLE = Automatic;
				DEVELOPMENT_TEAM = 8S4Y4CY9Z2;
				INFOPLIST_FILE = "UITextView @功能和#话题#功能实现/Info.plist";
				LD_RUNPATH_SEARCH_PATHS = (
					"$(inherited)",
					"@executable_path/Frameworks",
				);
				PRODUCT_BUNDLE_IDENTIFIER = "lei.UITextView-------------";
				PRODUCT_NAME = "$(TARGET_NAME)";
				TARGETED_DEVICE_FAMILY = 1;
			};
			name = Release;
		};
		AB4A9B942089D34E00A6C92E /* Debug */ = {
			isa = XCBuildConfiguration;
			buildSettings = {
				BUNDLE_LOADER = "$(TEST_HOST)";
				CODE_SIGN_STYLE = Automatic;
				INFOPLIST_FILE = "UITextView @功能和#话题#功能实现Tests/Info.plist";
				LD_RUNPATH_SEARCH_PATHS = (
					"$(inherited)",
					"@executable_path/Frameworks",
					"@loader_path/Frameworks",
				);
				PRODUCT_BUNDLE_IDENTIFIER = "lei.UITextView-------------Tests";
				PRODUCT_NAME = "$(TARGET_NAME)";
				TARGETED_DEVICE_FAMILY = "1,2";
				TEST_HOST = "$(BUILT_PRODUCTS_DIR)/UITextView @功能和#话题#功能实现.app/UITextView @功能和#话题#功能实现";
			};
			name = Debug;
		};
		AB4A9B952089D34E00A6C92E /* Release */ = {
			isa = XCBuildConfiguration;
			buildSettings = {
				BUNDLE_LOADER = "$(TEST_HOST)";
				CODE_SIGN_STYLE = Automatic;
				INFOPLIST_FILE = "UITextView @功能和#话题#功能实现Tests/Info.plist";
				LD_RUNPATH_SEARCH_PATHS = (
					"$(inherited)",
					"@executable_path/Frameworks",
					"@loader_path/Frameworks",
				);
				PRODUCT_BUNDLE_IDENTIFIER = "lei.UITextView-------------Tests";
				PRODUCT_NAME = "$(TARGET_NAME)";
				TARGETED_DEVICE_FAMILY = "1,2";
				TEST_HOST = "$(BUILT_PRODUCTS_DIR)/UITextView @功能和#话题#功能实现.app/UITextView @功能和#话题#功能实现";
			};
			name = Release;
		};
		AB4A9B972089D34E00A6C92E /* Debug */ = {
			isa = XCBuildConfiguration;
			buildSettings = {
				CODE_SIGN_STYLE = Automatic;
				INFOPLIST_FILE = "UITextView @功能和#话题#功能实现UITests/Info.plist";
				LD_RUNPATH_SEARCH_PATHS = (
					"$(inherited)",
					"@executable_path/Frameworks",
					"@loader_path/Frameworks",
				);
				PRODUCT_BUNDLE_IDENTIFIER = "lei.UITextView-------------UITests";
				PRODUCT_NAME = "$(TARGET_NAME)";
				TARGETED_DEVICE_FAMILY = "1,2";
				TEST_TARGET_NAME = "UITextView @功能和#话题#功能实现";
			};
			name = Debug;
		};
		AB4A9B982089D34E00A6C92E /* Release */ = {
			isa = XCBuildConfiguration;
			buildSettings = {
				CODE_SIGN_STYLE = Automatic;
				INFOPLIST_FILE = "UITextView @功能和#话题#功能实现UITests/Info.plist";
				LD_RUNPATH_SEARCH_PATHS = (
					"$(inherited)",
					"@executable_path/Frameworks",
					"@loader_path/Frameworks",
				);
				PRODUCT_BUNDLE_IDENTIFIER = "lei.UITextView-------------UITests";
				PRODUCT_NAME = "$(TARGET_NAME)";
				TARGETED_DEVICE_FAMILY = "1,2";
				TEST_TARGET_NAME = "UITextView @功能和#话题#功能实现";
			};
			name = Release;
		};
/* End XCBuildConfiguration section */

/* Begin XCConfigurationList section */
		AB4A9B5F2089D34A00A6C92E /* Build configuration list for PBXProject "UITextView @功能和#话题#功能实现" */ = {
			isa = XCConfigurationList;
			buildConfigurations = (
				AB4A9B8E2089D34E00A6C92E /* Debug */,
				AB4A9B8F2089D34E00A6C92E /* Release */,
			);
			defaultConfigurationIsVisible = 0;
			defaultConfigurationName = Release;
		};
		AB4A9B902089D34E00A6C92E /* Build configuration list for PBXNativeTarget "UITextView @功能和#话题#功能实现" */ = {
			isa = XCConfigurationList;
			buildConfigurations = (
				AB4A9B912089D34E00A6C92E /* Debug */,
				AB4A9B922089D34E00A6C92E /* Release */,
			);
			defaultConfigurationIsVisible = 0;
			defaultConfigurationName = Release;
		};
		AB4A9B932089D34E00A6C92E /* Build configuration list for PBXNativeTarget "UITextView @功能和#话题#功能实现Tests" */ = {
			isa = XCConfigurationList;
			buildConfigurations = (
				AB4A9B942089D34E00A6C92E /* Debug */,
				AB4A9B952089D34E00A6C92E /* Release */,
			);
			defaultConfigurationIsVisible = 0;
			defaultConfigurationName = Release;
		};
		AB4A9B962089D34E00A6C92E /* Build configuration list for PBXNativeTarget "UITextView @功能和#话题#功能实现UITests" */ = {
			isa = XCConfigurationList;
			buildConfigurations = (
				AB4A9B972089D34E00A6C92E /* Debug */,
				AB4A9B982089D34E00A6C92E /* Release */,
			);
			defaultConfigurationIsVisible = 0;
			defaultConfigurationName = Release;
		};
/* End XCConfigurationList section */
	};
	rootObject = AB4A9B5C2089D34A00A6C92E /* Project object */;
}
